
Microsoft Visual Studio Solution File, Format Version 12.00
# Blend for Visual Studio Version 17
VisualStudioVersion = 17.8.34408.163
MinimumVisualStudioVersion = 10.0.40219.1
Project("{FAE04EC0-301F-11D3-BF4B-00C04F79EFBC}") = "SecondLesson", "SecondLesson\SecondLesson.csproj", "{305F4A8A-A3D6-4ADC-8E16-0AE887F2349E}"
EndProject
Global
	GlobalSection(SolutionConfigurationPlatforms) = preSolution
		Debug|Any CPU = Debug|Any CPU
		Release|Any CPU = Release|Any CPU
	EndGlobalSection
	GlobalSection(ProjectConfigurationPlatforms) = postSolution
		{305F4A8A-A3D6-4ADC-8E16-0AE887F2349E}.Debug|Any CPU.ActiveCfg = Debug|Any CPU
		{305F4A8A-A3D6-4ADC-8E16-0AE887F2349E}.Debug|Any CPU.Build.0 = Debug|Any CPU
		{305F4A8A-A3D6-4ADC-8E16-0AE887F2349E}.Release|Any CPU.ActiveCfg = Release|Any CPU
		{305F4A8A-A3D6-4ADC-8E16-0AE887F2349E}.Release|Any CPU.Build.0 = Release|Any CPU
	EndGlobalSection
	GlobalSection(SolutionProperties) = preSolution
		HideSolutionNode = FALSE
	EndGlobalSection
	GlobalSection(ExtensibilityGlobals) = postSolution
		SolutionGuid = {6C8D1DD7-5C00-428A-8FEE-6CD411536001}
	EndGlobalSection
EndGlobal
